# Generated by buf. DO NOT EDIT.
version: v2
deps:
  - name: buf.build/cometbft/cometbft
    commit: 9110599d25a84c3f91fef0dd84e345c2
    digest: b5:8a2b372dbf835ede4a02bc755b23cb34c33aa7ea6933f8676ae76d8fef51c90678daff2fe98a8148bfc494eea46a9390af71fd810455cf9795d506e96d84031f
  - name: buf.build/cosmos/gogo-proto
    commit: 88ef6483f90f478fb938c37dde52ece3
    digest: b5:f0c69202c9bca9672dc72a9737ea9bc83744daaed2b3da77e3a95b0e53b86dee76b5a7405b993181d6c863fd64afaca0976a302f700d6c4912eb1692a1782c0a
  - name: buf.build/sonata/ddex
    commit: 55c81f2c1b284c0299b167147c979467
    digest: b5:ed381ec3e9f460fab6b9e18214d27e6870624e8444e6bcd88eccf4d34f43e37346e648265308d9116238ec8bf7434d23cdf28e69659176325e43ba320401580f
